{
  "nodes": {
    "flake-utils": {
      "locked": {
        "lastModified": 1637014545,
        "narHash": "sha256-26IZAc5yzlD9FlDT54io1oqG/bBoyka+FJk5guaX4x4=",
        "owner": "numtide",
        "repo": "flake-utils",
        "rev": "bba5dcc8e0b20ab664967ad83d24d64cb64ec4f4",
        "type": "github"
      },
      "original": {
        "owner": "numtide",
        "repo": "flake-utils",
        "type": "github"
      }
    },
    "goflake": {
      "inputs": {
        "nixpkgs": [
          "nixpkgs"
        ]
      },
      "locked": {
        "lastModified": 1637751478,
        "narHash": "sha256-9S2UnNsZJGQE57M6kY5UupR1NPzWxS9KLpwWzJJVDQ0=",
        "owner": "sagikazarmark",
        "repo": "go-flake",
        "rev": "58f9abd107f598e6b0c50f99574351c41f5251ca",
        "type": "github"
      },
      "original": {
        "owner": "sagikazarmark",
        "repo": "go-flake",
        "type": "github"
      }
    },
    "nixpkgs": {
      "locked": {
        "lastModified": 1637595801,
        "narHash": "sha256-LkIMwVFKCuEqidaUdg8uxwpESAXjsPo4oCz3eJ7RaRw=",
        "owner": "NixOS",
        "repo": "nixpkgs",
        "rev": "263ef4cc4146c9fab808085487438c625d4426a9",
        "type": "github"
      },
      "original": {
        "id": "nixpkgs",
        "ref": "nixos-unstable",
        "type": "indirect"
      }
    },
    "root": {
      "inputs": {
        "flake-utils": "flake-utils",
        "goflake": "goflake",
        "nixpkgs": "nixpkgs"
      }
    }
  },
  "root": "root",
  "version": 7
}
