{
  "definitions": [
    {
      "protopath": "proto:/:greeting:/:hello.proto",
      "def": {
        "messages": [
          {
            "name": "HelloRequest",
            "fields": [
              {
                "id": 1,
                "name": "name",
                "type": "string"
              }
            ]
          },
          {
            "name": "HelloResponse",
            "fields": [
              {
                "id": 1,
                "name": "reply",
                "type": "string"
              }
            ]
          }
        ],
        "services": [
          {
            "name": "Greeter",
            "rpcs": [
              {
                "name": "SayHello",
                "in_type": "HelloRequest",
                "out_type": "HelloResponse"
              }
            ]
          }
        ],
        "package": {
          "name": "mga.greeting"
        }
      }
    },
    {
      "protopath": "vendor:/:github.com:/:golang:/:protobuf:/:ptypes:/:any:/:any.proto",
      "def": {
        "messages": [
          {
            "name": "Any",
            "fields": [
              {
                "id": 1,
                "name": "type_url",
                "type": "string"
              },
              {
                "id": 2,
                "name": "value",
                "type": "bytes"
              }
            ]
          }
        ],
        "package": {
          "name": "google.protobuf"
        }
      }
    },
    {
      "protopath": "vendor:/:github.com:/:golang:/:protobuf:/:ptypes:/:duration:/:duration.proto",
      "def": {
        "messages": [
          {
            "name": "Duration",
            "fields": [
              {
                "id": 1,
                "name": "seconds",
                "type": "int64"
              },
              {
                "id": 2,
                "name": "nanos",
                "type": "int32"
              }
            ]
          }
        ],
        "package": {
          "name": "google.protobuf"
        }
      }
    },
    {
      "protopath": "vendor:/:github.com:/:golang:/:protobuf:/:ptypes:/:timestamp:/:timestamp.proto",
      "def": {
        "messages": [
          {
            "name": "Timestamp",
            "fields": [
              {
                "id": 1,
                "name": "seconds",
                "type": "int64"
              },
              {
                "id": 2,
                "name": "nanos",
                "type": "int32"
              }
            ]
          }
        ],
        "package": {
          "name": "google.protobuf"
        }
      }
    }
  ]
}