dependencies:
- name: pipeline-cluster-monitor
  repository: http://kubernetes-charts.banzaicloud.com/branch/master
  version: 0.1.17
- name: pipeline-cluster-ingress
  repository: http://kubernetes-charts.banzaicloud.com/branch/master
  version: 0.0.8
- name: mysql
  repository: https://kubernetes-charts.storage.googleapis.com/
  version: 0.15.0
digest: sha256:e0ffd7ecd5d9bee627105dffa7153ca0b7177025c6a7d390f59da9171177d154
generated: 2019-02-17T15:08:44.633194+01:00
